{
    "_readme": [
        "This file locks the dependencies of your project to a known state",
        "Read more about it at https://getcomposer.org/doc/01-basic-usage.md#installing-dependencies",
        "This file is @generated automatically"
    ],
    "content-hash": "1d6094b5c8efa7b9375aa7ecca733872",
    "packages": [
        {
            "name": "league/html-to-markdown",
            "version": "4.8.2",
            "source": {
                "type": "git",
                "url": "https://github.com/thephpleague/html-to-markdown.git",
                "reference": "e747489191f8e9144a7270eb61f8b9516e99e413"
            },
            "dist": {
                "type": "zip",
                "url": "https://api.github.com/repos/thephpleague/html-to-markdown/zipball/e747489191f8e9144a7270eb61f8b9516e99e413",
                "reference": "e747489191f8e9144a7270eb61f8b9516e99e413",
                "shasum": ""
            },
            "require": {
                "ext-dom": "*",
                "ext-xml": "*",
                "php": ">=5.3.3"
            },
            "require-dev": {
                "mikehaertl/php-shellcommand": "~1.1.0",
                "phpunit/phpunit": "4.*",
                "scrutinizer/ocular": "~1.1"
            },
            "bin": [
                "bin/html-to-markdown"
            ],
            "type": "library",
            "extra": {
                "branch-alias": {
                    "dev-master": "4.9-dev"
                }
            },
            "autoload": {
                "psr-4": {
                    "League\\HTMLToMarkdown\\": "src/"
                }
            },
            "notification-url": "https://packagist.org/downloads/",
            "license": [
                "MIT"
            ],
            "authors": [
                {
                    "name": "Colin O'Dell",
                    "email": "colinodell@gmail.com",
                    "homepage": "https://www.colinodell.com",
                    "role": "Lead Developer"
                },
                {
                    "name": "Nick Cernis",
                    "email": "nick@cern.is",
                    "homepage": "http://modernnerd.net",
                    "role": "Original Author"
                }
            ],
            "description": "An HTML-to-markdown conversion helper for PHP",
            "homepage": "https://github.com/thephpleague/html-to-markdown",
            "keywords": [
                "html",
                "markdown"
            ],
            "time": "2019-08-02T11:57:39+00:00"
        },
        {
            "name": "mnapoli/silly",
            "version": "1.7.1",
            "source": {
                "type": "git",
                "url": "https://github.com/mnapoli/silly.git",
                "reference": "5f7f34f4db75685e6fe7d652c12d9a7b6e8034d6"
            },
            "dist": {
                "type": "zip",
                "url": "https://api.github.com/repos/mnapoli/silly/zipball/5f7f34f4db75685e6fe7d652c12d9a7b6e8034d6",
                "reference": "5f7f34f4db75685e6fe7d652c12d9a7b6e8034d6",
                "shasum": ""
            },
            "require": {
                "php": ">=7.0",
                "php-di/invoker": "~2.0",
                "psr/container": "^1.0",
                "symfony/console": "~3.0|~4.0"
            },
            "require-dev": {
                "friendsofphp/php-cs-fixer": "^2.12",
                "mnapoli/phpunit-easymock": "~1.0",
                "phpunit/phpunit": "~6.4"
            },
            "type": "library",
            "autoload": {
                "psr-4": {
                    "Silly\\": "src/"
                }
            },
            "notification-url": "https://packagist.org/downloads/",
            "license": [
                "MIT"
            ],
            "description": "Silly CLI micro-framework based on Symfony Console",
            "keywords": [
                "PSR-11",
                "cli",
                "console",
                "framework",
                "micro-framework",
                "silly"
            ],
            "time": "2018-12-26T21:17:30+00:00"
        },
        {
            "name": "php-di/invoker",
            "version": "2.0.0",
            "source": {
                "type": "git",
                "url": "https://github.com/PHP-DI/Invoker.git",
                "reference": "540c27c86f663e20fe39a24cd72fa76cdb21d41a"
            },
            "dist": {
                "type": "zip",
                "url": "https://api.github.com/repos/PHP-DI/Invoker/zipball/540c27c86f663e20fe39a24cd72fa76cdb21d41a",
                "reference": "540c27c86f663e20fe39a24cd72fa76cdb21d41a",
                "shasum": ""
            },
            "require": {
                "psr/container": "~1.0"
            },
            "require-dev": {
                "athletic/athletic": "~0.1.8",
                "phpunit/phpunit": "~4.5"
            },
            "type": "library",
            "autoload": {
                "psr-4": {
                    "Invoker\\": "src/"
                }
            },
            "notification-url": "https://packagist.org/downloads/",
            "license": [
                "MIT"
            ],
            "description": "Generic and extensible callable invoker",
            "homepage": "https://github.com/PHP-DI/Invoker",
            "keywords": [
                "callable",
                "dependency",
                "dependency-injection",
                "injection",
                "invoke",
                "invoker"
            ],
            "time": "2017-03-20T19:28:22+00:00"
        },
        {
            "name": "pimple/pimple",
            "version": "v3.2.3",
            "source": {
                "type": "git",
                "url": "https://github.com/silexphp/Pimple.git",
                "reference": "9e403941ef9d65d20cba7d54e29fe906db42cf32"
            },
            "dist": {
                "type": "zip",
                "url": "https://api.github.com/repos/silexphp/Pimple/zipball/9e403941ef9d65d20cba7d54e29fe906db42cf32",
                "reference": "9e403941ef9d65d20cba7d54e29fe906db42cf32",
                "shasum": ""
            },
            "require": {
                "php": ">=5.3.0",
                "psr/container": "^1.0"
            },
            "require-dev": {
                "symfony/phpunit-bridge": "^3.2"
            },
            "type": "library",
            "extra": {
                "branch-alias": {
                    "dev-master": "3.2.x-dev"
                }
            },
            "autoload": {
                "psr-0": {
                    "Pimple": "src/"
                }
            },
            "notification-url": "https://packagist.org/downloads/",
            "license": [
                "MIT"
            ],
            "authors": [
                {
                    "name": "Fabien Potencier",
                    "email": "fabien@symfony.com"
                }
            ],
            "description": "Pimple, a simple Dependency Injection Container",
            "homepage": "http://pimple.sensiolabs.org",
            "keywords": [
                "container",
                "dependency injection"
            ],
            "time": "2018-01-21T07:42:36+00:00"
        },
        {
            "name": "prewk/xml-string-streamer",
            "version": "0.11.0",
            "source": {
                "type": "git",
                "url": "https://github.com/prewk/xml-string-streamer.git",
                "reference": "5c167c835b07d44d4d9412febe031a09a69dafbd"
            },
            "dist": {
                "type": "zip",
                "url": "https://api.github.com/repos/prewk/xml-string-streamer/zipball/5c167c835b07d44d4d9412febe031a09a69dafbd",
                "reference": "5c167c835b07d44d4d9412febe031a09a69dafbd",
                "shasum": ""
            },
            "require": {
                "php": ">=5.3"
            },
            "require-dev": {
                "mockery/mockery": "^0.8.0",
                "phpunit/phpunit": "^4.8 || ^5.7.21",
                "prewk/xml-faker": "^0.0.2"
            },
            "type": "library",
            "autoload": {
                "psr-4": {
                    "Prewk\\": "src/"
                }
            },
            "notification-url": "https://packagist.org/downloads/",
            "license": [
                "MIT"
            ],
            "authors": [
                {
                    "name": "prewk",
                    "email": "oskar.thornblad@gmail.com"
                }
            ],
            "description": "Stream large XML files with low memory consumption",
            "homepage": "https://github.com/prewk/xml-string-streamer",
            "time": "2017-10-03T21:15:29+00:00"
        },
        {
            "name": "psr/container",
            "version": "1.0.0",
            "source": {
                "type": "git",
                "url": "https://github.com/php-fig/container.git",
                "reference": "b7ce3b176482dbbc1245ebf52b181af44c2cf55f"
            },
            "dist": {
                "type": "zip",
                "url": "https://api.github.com/repos/php-fig/container/zipball/b7ce3b176482dbbc1245ebf52b181af44c2cf55f",
                "reference": "b7ce3b176482dbbc1245ebf52b181af44c2cf55f",
                "shasum": ""
            },
            "require": {
                "php": ">=5.3.0"
            },
            "type": "library",
            "extra": {
                "branch-alias": {
                    "dev-master": "1.0.x-dev"
                }
            },
            "autoload": {
                "psr-4": {
                    "Psr\\Container\\": "src/"
                }
            },
            "notification-url": "https://packagist.org/downloads/",
            "license": [
                "MIT"
            ],
            "authors": [
                {
                    "name": "PHP-FIG",
                    "homepage": "http://www.php-fig.org/"
                }
            ],
            "description": "Common Container Interface (PHP FIG PSR-11)",
            "homepage": "https://github.com/php-fig/container",
            "keywords": [
                "PSR-11",
                "container",
                "container-interface",
                "container-interop",
                "psr"
            ],
            "time": "2017-02-14T16:28:37+00:00"
        },
        {
            "name": "symfony/console",
            "version": "v4.3.5",
            "source": {
                "type": "git",
                "url": "https://github.com/symfony/console.git",
                "reference": "929ddf360d401b958f611d44e726094ab46a7369"
            },
            "dist": {
                "type": "zip",
                "url": "https://api.github.com/repos/symfony/console/zipball/929ddf360d401b958f611d44e726094ab46a7369",
                "reference": "929ddf360d401b958f611d44e726094ab46a7369",
                "shasum": ""
            },
            "require": {
                "php": "^7.1.3",
                "symfony/polyfill-mbstring": "~1.0",
                "symfony/polyfill-php73": "^1.8",
                "symfony/service-contracts": "^1.1"
            },
            "conflict": {
                "symfony/dependency-injection": "<3.4",
                "symfony/event-dispatcher": "<4.3",
                "symfony/process": "<3.3"
            },
            "provide": {
                "psr/log-implementation": "1.0"
            },
            "require-dev": {
                "psr/log": "~1.0",
                "symfony/config": "~3.4|~4.0",
                "symfony/dependency-injection": "~3.4|~4.0",
                "symfony/event-dispatcher": "^4.3",
                "symfony/lock": "~3.4|~4.0",
                "symfony/process": "~3.4|~4.0",
                "symfony/var-dumper": "^4.3"
            },
            "suggest": {
                "psr/log": "For using the console logger",
                "symfony/event-dispatcher": "",
                "symfony/lock": "",
                "symfony/process": ""
            },
            "type": "library",
            "extra": {
                "branch-alias": {
                    "dev-master": "4.3-dev"
                }
            },
            "autoload": {
                "psr-4": {
                    "Symfony\\Component\\Console\\": ""
                },
                "exclude-from-classmap": [
                    "/Tests/"
                ]
            },
            "notification-url": "https://packagist.org/downloads/",
            "license": [
                "MIT"
            ],
            "authors": [
                {
                    "name": "Fabien Potencier",
                    "email": "fabien@symfony.com"
                },
                {
                    "name": "Symfony Community",
                    "homepage": "https://symfony.com/contributors"
                }
            ],
            "description": "Symfony Console Component",
            "homepage": "https://symfony.com",
            "time": "2019-10-07T12:36:49+00:00"
        },
        {
            "name": "symfony/filesystem",
            "version": "v4.3.5",
            "source": {
                "type": "git",
                "url": "https://github.com/symfony/filesystem.git",
                "reference": "9abbb7ef96a51f4d7e69627bc6f63307994e4263"
            },
            "dist": {
                "type": "zip",
                "url": "https://api.github.com/repos/symfony/filesystem/zipball/9abbb7ef96a51f4d7e69627bc6f63307994e4263",
                "reference": "9abbb7ef96a51f4d7e69627bc6f63307994e4263",
                "shasum": ""
            },
            "require": {
                "php": "^7.1.3",
                "symfony/polyfill-ctype": "~1.8"
            },
            "type": "library",
            "extra": {
                "branch-alias": {
                    "dev-master": "4.3-dev"
                }
            },
            "autoload": {
                "psr-4": {
                    "Symfony\\Component\\Filesystem\\": ""
                },
                "exclude-from-classmap": [
                    "/Tests/"
                ]
            },
            "notification-url": "https://packagist.org/downloads/",
            "license": [
                "MIT"
            ],
            "authors": [
                {
                    "name": "Fabien Potencier",
                    "email": "fabien@symfony.com"
                },
                {
                    "name": "Symfony Community",
                    "homepage": "https://symfony.com/contributors"
                }
            ],
            "description": "Symfony Filesystem Component",
            "homepage": "https://symfony.com",
            "time": "2019-08-20T14:07:54+00:00"
        },
        {
            "name": "symfony/polyfill-ctype",
            "version": "v1.12.0",
            "source": {
                "type": "git",
                "url": "https://github.com/symfony/polyfill-ctype.git",
                "reference": "550ebaac289296ce228a706d0867afc34687e3f4"
            },
            "dist": {
                "type": "zip",
                "url": "https://api.github.com/repos/symfony/polyfill-ctype/zipball/550ebaac289296ce228a706d0867afc34687e3f4",
                "reference": "550ebaac289296ce228a706d0867afc34687e3f4",
                "shasum": ""
            },
            "require": {
                "php": ">=5.3.3"
            },
            "suggest": {
                "ext-ctype": "For best performance"
            },
            "type": "library",
            "extra": {
                "branch-alias": {
                    "dev-master": "1.12-dev"
                }
            },
            "autoload": {
                "psr-4": {
                    "Symfony\\Polyfill\\Ctype\\": ""
                },
                "files": [
                    "bootstrap.php"
                ]
            },
            "notification-url": "https://packagist.org/downloads/",
            "license": [
                "MIT"
            ],
            "authors": [
                {
                    "name": "Gert de Pagter",
                    "email": "BackEndTea@gmail.com"
                },
                {
                    "name": "Symfony Community",
                    "homepage": "https://symfony.com/contributors"
                }
            ],
            "description": "Symfony polyfill for ctype functions",
            "homepage": "https://symfony.com",
            "keywords": [
                "compatibility",
                "ctype",
                "polyfill",
                "portable"
            ],
            "time": "2019-08-06T08:03:45+00:00"
        },
        {
            "name": "symfony/polyfill-mbstring",
            "version": "v1.12.0",
            "source": {
                "type": "git",
                "url": "https://github.com/symfony/polyfill-mbstring.git",
                "reference": "b42a2f66e8f1b15ccf25652c3424265923eb4f17"
            },
            "dist": {
                "type": "zip",
                "url": "https://api.github.com/repos/symfony/polyfill-mbstring/zipball/b42a2f66e8f1b15ccf25652c3424265923eb4f17",
                "reference": "b42a2f66e8f1b15ccf25652c3424265923eb4f17",
                "shasum": ""
            },
            "require": {
                "php": ">=5.3.3"
            },
            "suggest": {
                "ext-mbstring": "For best performance"
            },
            "type": "library",
            "extra": {
                "branch-alias": {
                    "dev-master": "1.12-dev"
                }
            },
            "autoload": {
                "psr-4": {
                    "Symfony\\Polyfill\\Mbstring\\": ""
                },
                "files": [
                    "bootstrap.php"
                ]
            },
            "notification-url": "https://packagist.org/downloads/",
            "license": [
                "MIT"
            ],
            "authors": [
                {
                    "name": "Nicolas Grekas",
                    "email": "p@tchwork.com"
                },
                {
                    "name": "Symfony Community",
                    "homepage": "https://symfony.com/contributors"
                }
            ],
            "description": "Symfony polyfill for the Mbstring extension",
            "homepage": "https://symfony.com",
            "keywords": [
                "compatibility",
                "mbstring",
                "polyfill",
                "portable",
                "shim"
            ],
            "time": "2019-08-06T08:03:45+00:00"
        },
        {
            "name": "symfony/polyfill-php73",
            "version": "v1.12.0",
            "source": {
                "type": "git",
                "url": "https://github.com/symfony/polyfill-php73.git",
                "reference": "2ceb49eaccb9352bff54d22570276bb75ba4a188"
            },
            "dist": {
                "type": "zip",
                "url": "https://api.github.com/repos/symfony/polyfill-php73/zipball/2ceb49eaccb9352bff54d22570276bb75ba4a188",
                "reference": "2ceb49eaccb9352bff54d22570276bb75ba4a188",
                "shasum": ""
            },
            "require": {
                "php": ">=5.3.3"
            },
            "type": "library",
            "extra": {
                "branch-alias": {
                    "dev-master": "1.12-dev"
                }
            },
            "autoload": {
                "psr-4": {
                    "Symfony\\Polyfill\\Php73\\": ""
                },
                "files": [
                    "bootstrap.php"
                ],
                "classmap": [
                    "Resources/stubs"
                ]
            },
            "notification-url": "https://packagist.org/downloads/",
            "license": [
                "MIT"
            ],
            "authors": [
                {
                    "name": "Nicolas Grekas",
                    "email": "p@tchwork.com"
                },
                {
                    "name": "Symfony Community",
                    "homepage": "https://symfony.com/contributors"
                }
            ],
            "description": "Symfony polyfill backporting some PHP 7.3+ features to lower PHP versions",
            "homepage": "https://symfony.com",
            "keywords": [
                "compatibility",
                "polyfill",
                "portable",
                "shim"
            ],
            "time": "2019-08-06T08:03:45+00:00"
        },
        {
            "name": "symfony/service-contracts",
            "version": "v1.1.7",
            "source": {
                "type": "git",
                "url": "https://github.com/symfony/service-contracts.git",
                "reference": "ffcde9615dc5bb4825b9f6aed07716f1f57faae0"
            },
            "dist": {
                "type": "zip",
                "url": "https://api.github.com/repos/symfony/service-contracts/zipball/ffcde9615dc5bb4825b9f6aed07716f1f57faae0",
                "reference": "ffcde9615dc5bb4825b9f6aed07716f1f57faae0",
                "shasum": ""
            },
            "require": {
                "php": "^7.1.3",
                "psr/container": "^1.0"
            },
            "suggest": {
                "symfony/service-implementation": ""
            },
            "type": "library",
            "extra": {
                "branch-alias": {
                    "dev-master": "1.1-dev"
                }
            },
            "autoload": {
                "psr-4": {
                    "Symfony\\Contracts\\Service\\": ""
                }
            },
            "notification-url": "https://packagist.org/downloads/",
            "license": [
                "MIT"
            ],
            "authors": [
                {
                    "name": "Nicolas Grekas",
                    "email": "p@tchwork.com"
                },
                {
                    "name": "Symfony Community",
                    "homepage": "https://symfony.com/contributors"
                }
            ],
            "description": "Generic abstractions related to writing services",
            "homepage": "https://symfony.com",
            "keywords": [
                "abstractions",
                "contracts",
                "decoupling",
                "interfaces",
                "interoperability",
                "standards"
            ],
            "time": "2019-09-17T11:12:18+00:00"
        },
        {
            "name": "symfony/yaml",
            "version": "v4.3.5",
            "source": {
                "type": "git",
                "url": "https://github.com/symfony/yaml.git",
                "reference": "41e16350a2a1c7383c4735aa2f9fce74cf3d1178"
            },
            "dist": {
                "type": "zip",
                "url": "https://api.github.com/repos/symfony/yaml/zipball/41e16350a2a1c7383c4735aa2f9fce74cf3d1178",
                "reference": "41e16350a2a1c7383c4735aa2f9fce74cf3d1178",
                "shasum": ""
            },
            "require": {
                "php": "^7.1.3",
                "symfony/polyfill-ctype": "~1.8"
            },
            "conflict": {
                "symfony/console": "<3.4"
            },
            "require-dev": {
                "symfony/console": "~3.4|~4.0"
            },
            "suggest": {
                "symfony/console": "For validating YAML files using the lint command"
            },
            "type": "library",
            "extra": {
                "branch-alias": {
                    "dev-master": "4.3-dev"
                }
            },
            "autoload": {
                "psr-4": {
                    "Symfony\\Component\\Yaml\\": ""
                },
                "exclude-from-classmap": [
                    "/Tests/"
                ]
            },
            "notification-url": "https://packagist.org/downloads/",
            "license": [
                "MIT"
            ],
            "authors": [
                {
                    "name": "Fabien Potencier",
                    "email": "fabien@symfony.com"
                },
                {
                    "name": "Symfony Community",
                    "homepage": "https://symfony.com/contributors"
                }
            ],
            "description": "Symfony Yaml Component",
            "homepage": "https://symfony.com",
            "time": "2019-09-11T15:41:19+00:00"
        },
        {
            "name": "yosymfony/parser-utils",
            "version": "v2.0.0",
            "source": {
                "type": "git",
                "url": "https://github.com/yosymfony/parser-utils.git",
                "reference": "00bec9a12722b21f2baf7f9db35f127e90c162c9"
            },
            "dist": {
                "type": "zip",
                "url": "https://api.github.com/repos/yosymfony/parser-utils/zipball/00bec9a12722b21f2baf7f9db35f127e90c162c9",
                "reference": "00bec9a12722b21f2baf7f9db35f127e90c162c9",
                "shasum": ""
            },
            "require": {
                "php": ">=7.1"
            },
            "require-dev": {
                "phpunit/phpunit": "^6"
            },
            "type": "library",
            "extra": {
                "branch-alias": {
                    "dev-master": "2.0-dev"
                }
            },
            "autoload": {
                "psr-4": {
                    "Yosymfony\\ParserUtils\\": "src/"
                }
            },
            "notification-url": "https://packagist.org/downloads/",
            "license": [
                "MIT"
            ],
            "authors": [
                {
                    "name": "Victor Puertas",
                    "email": "vpgugr@gmail.com",
                    "homepage": "http://yosymfony.com"
                }
            ],
            "description": "Parser utilities",
            "homepage": "http://github.com/yosymfony/toml",
            "keywords": [
                "lexer",
                "parser"
            ],
            "time": "2018-06-29T15:31:11+00:00"
        },
        {
            "name": "yosymfony/toml",
            "version": "v1.0.4",
            "source": {
                "type": "git",
                "url": "https://github.com/yosymfony/toml.git",
                "reference": "bdab92ad920d0e36810a3a3e4a998d23f3498f8e"
            },
            "dist": {
                "type": "zip",
                "url": "https://api.github.com/repos/yosymfony/toml/zipball/bdab92ad920d0e36810a3a3e4a998d23f3498f8e",
                "reference": "bdab92ad920d0e36810a3a3e4a998d23f3498f8e",
                "shasum": ""
            },
            "require": {
                "php": ">=7.1",
                "yosymfony/parser-utils": "^2.0"
            },
            "require-dev": {
                "phpunit/phpunit": "^7.1"
            },
            "type": "library",
            "extra": {
                "branch-alias": {
                    "dev-master": "1.0-dev"
                }
            },
            "autoload": {
                "psr-4": {
                    "Yosymfony\\Toml\\": "src/"
                }
            },
            "notification-url": "https://packagist.org/downloads/",
            "license": [
                "MIT"
            ],
            "authors": [
                {
                    "name": "Victor Puertas",
                    "email": "vpgugr@gmail.com",
                    "homepage": "http://yosymfony.com"
                }
            ],
            "description": "A PHP parser for TOML compatible with specification 0.4.0",
            "homepage": "http://github.com/yosymfony/toml",
            "keywords": [
                "mojombo",
                "parser",
                "toml"
            ],
            "time": "2018-08-08T15:08:14+00:00"
        }
    ],
    "packages-dev": [
        {
            "name": "pds/skeleton",
            "version": "1.0.0",
            "source": {
                "type": "git",
                "url": "https://github.com/php-pds/skeleton.git",
                "reference": "95e476e5d629eadacbd721c5a9553e537514a231"
            },
            "dist": {
                "type": "zip",
                "url": "https://api.github.com/repos/php-pds/skeleton/zipball/95e476e5d629eadacbd721c5a9553e537514a231",
                "reference": "95e476e5d629eadacbd721c5a9553e537514a231",
                "shasum": ""
            },
            "bin": [
                "bin/pds-skeleton"
            ],
            "type": "standard",
            "autoload": {
                "psr-4": {
                    "Pds\\Skeleton\\": "src/"
                }
            },
            "notification-url": "https://packagist.org/downloads/",
            "license": [
                "CC-BY-SA-4.0"
            ],
            "description": "Standard for PHP package skeletons.",
            "homepage": "https://github.com/php-pds/skeleton",
            "time": "2017-01-25T23:30:41+00:00"
        }
    ],
    "aliases": [],
    "minimum-stability": "stable",
    "stability-flags": [],
    "prefer-stable": false,
    "prefer-lowest": false,
    "platform": {
        "php": "^7.3",
        "ext-libxml": "*",
        "ext-simplexml": "*",
        "ext-json": "*"
    },
    "platform-dev": []
}
